hash: be2a13a4667d55a69cc5360a305e5764fef444de1437a5a3f5d3daf8b11bf869
updated: 2017-04-26T21:51:32.750909919-04:00
imports:
- name: github.com/biogo/biogo
  version: 0f3e6a0d86d287fc9b1fdcbce89d730264f50024
  subpackages:
  - io/seqio/fai
- name: github.com/biogo/hts
  version: 71ed6f0cedb14828957509ab40af023760e71cb8
  subpackages:
  - bam
  - bgzf
  - bgzf/index
  - internal
  - sam
  - tabix
- name: github.com/pkg/errors
  version: 645ef00459ed84a119197bfb8d8205042c6df63d
testImports: []
