# This file is autogenerated, do not edit; changes may be undone by the next 'dep ensure'.


[[projects]]
  branch = "master"
  name = "github.com/alecthomas/template"
  packages = [
    ".",
    "parse"
  ]
  revision = "a0175ee3bccc567396460bf5acd36800cb10c49c"

[[projects]]
  branch = "master"
  name = "github.com/alecthomas/units"
  packages = ["."]
  revision = "2efee857e7cfd4f3d0138cc3cbb1b4966962b93a"

[[projects]]
  name = "github.com/biogo/biogo"
  packages = ["io/seqio/fai"]
  revision = "0f3e6a0d86d287fc9b1fdcbce89d730264f50024"
  version = "v1.0.1"

[[projects]]
  name = "github.com/biogo/hts"
  packages = [
    "bam",
    "bgzf",
    "bgzf/index",
    "internal",
    "sam",
    "tabix"
  ]
  revision = "71ed6f0cedb14828957509ab40af023760e71cb8"
  version = "v1.0.1"

[[projects]]
  name = "github.com/omicsnut/binest"
  packages = [
    ".",
    "internal"
  ]
  revision = "9cb40fc2b18403bf0a990271613ea4ebdc6c9071"
  version = "v0.4.2"

[[projects]]
  branch = "master"
  name = "github.com/remeh/sizedwaitgroup"
  packages = ["."]
  revision = "5582a674300c427060d06980c142aeb52ed20040"

[[projects]]
  name = "gopkg.in/alecthomas/kingpin.v2"
  packages = ["."]
  revision = "947dcec5ba9c011838740e680966fd7087a71d0d"
  version = "v2.2.6"

[solve-meta]
  analyzer-name = "dep"
  analyzer-version = 1
  inputs-digest = "8b3b15d306a4e504986ea3b7c4391fe5048a514e6fa10d6ef11463eeba65d71c"
  solver-name = "gps-cdcl"
  solver-version = 1
